
Microsoft Visual Studio Solution File, Format Version 12.00
# Visual Studio Version 16
VisualStudioVersion = 16.0.810.19
MinimumVisualStudioVersion = 10.0.40219.1
Project("{FAE04EC0-301F-11D3-BF4B-00C04F79EFBC}") = "TeamProject", "Team\TeamProject.csproj", "{CE25574E-91FE-4054-936F-88072F081A70}"
EndProject
Global
	GlobalSection(SolutionConfigurationPlatforms) = preSolution
		Debug|Any CPU = Debug|Any CPU
		Release|Any CPU = Release|Any CPU
	EndGlobalSection
	GlobalSection(ProjectConfigurationPlatforms) = postSolution
		{CE25574E-91FE-4054-936F-88072F081A70}.Debug|Any CPU.ActiveCfg = Debug|Any CPU
		{CE25574E-91FE-4054-936F-88072F081A70}.Debug|Any CPU.Build.0 = Debug|Any CPU
		{CE25574E-91FE-4054-936F-88072F081A70}.Release|Any CPU.ActiveCfg = Release|Any CPU
		{CE25574E-91FE-4054-936F-88072F081A70}.Release|Any CPU.Build.0 = Release|Any CPU
	EndGlobalSection
	GlobalSection(SolutionProperties) = preSolution
		HideSolutionNode = FALSE
	EndGlobalSection
	GlobalSection(ExtensibilityGlobals) = postSolution
		SolutionGuid = {9F8B91C1-7B15-4CBF-A7D7-4ECD3C90E622}
	EndGlobalSection
EndGlobal
